// !$*UTF8*$!
{
	archiveVersion = 1;
	classes = {
	};
	objectVersion = 46;
	objects = {

/* Begin PBXBuildFile section */
		681F31741D59F29B00659149 /* NSNumberTests.m in Sources */ = {isa = PBXBuildFile; fileRef = 681F31731D59F29B00659149 /* NSNumberTests.m */; };
		684BA3671D5C4EEF00982529 /* NSStringTests.m in Sources */ = {isa = PBXBuildFile; fileRef = 684BA3661D5C4EEF00982529 /* NSStringTests.m */; };
		684BA3991D60568E00982529 /* NSDateTests.m in Sources */ = {isa = PBXBuildFile; fileRef = 684BA3981D60568E00982529 /* NSDateTests.m */; };
		684BA3A71D6162AD00982529 /* UIDevice+XZPhoneModel.m in Sources */ = {isa = PBXBuildFile; fileRef = 684BA3A61D6162AD00982529 /* UIDevice+XZPhoneModel.m */; };
		684BA44F1D6173E000982529 /* NSArray+XZJSONSerialization.m in Sources */ = {isa = PBXBuildFile; fileRef = 684BA40F1D6173DF00982529 /* NSArray+XZJSONSerialization.m */; };
		684BA4501D6173E000982529 /* NSAttributedString+XZAdditional.m in Sources */ = {isa = PBXBuildFile; fileRef = 684BA4121D6173DF00982529 /* NSAttributedString+XZAdditional.m */; };
		684BA4511D6173E000982529 /* NSAttributedString+XZBestSize.m in Sources */ = {isa = PBXBuildFile; fileRef = 684BA4141D6173DF00982529 /* NSAttributedString+XZBestSize.m */; };
		684BA4521D6173E000982529 /* NSAttributedString+XZImage.m in Sources */ = {isa = PBXBuildFile; fileRef = 684BA4161D6173DF00982529 /* NSAttributedString+XZImage.m */; };
		684BA4531D6173E000982529 /* NSAttributedString+XZMessageEmoji.m in Sources */ = {isa = PBXBuildFile; fileRef = 684BA4181D6173DF00982529 /* NSAttributedString+XZMessageEmoji.m */; };
		684BA4541D6173E000982529 /* NSData+XZBase64.m in Sources */ = {isa = PBXBuildFile; fileRef = 684BA41B1D6173DF00982529 /* NSData+XZBase64.m */; };
		684BA4551D6173E000982529 /* NSData+XZEncrypt.m in Sources */ = {isa = PBXBuildFile; fileRef = 684BA41D1D6173DF00982529 /* NSData+XZEncrypt.m */; };
		684BA4561D6173E000982529 /* NSData+XZJSONSerialization.m in Sources */ = {isa = PBXBuildFile; fileRef = 684BA41F1D6173DF00982529 /* NSData+XZJSONSerialization.m */; };
		684BA4571D6173E000982529 /* NSDate+XZExtension.m in Sources */ = {isa = PBXBuildFile; fileRef = 684BA4221D6173DF00982529 /* NSDate+XZExtension.m */; };
		684BA4581D6173E000982529 /* NSDate+XZFormatString.m in Sources */ = {isa = PBXBuildFile; fileRef = 684BA4241D6173DF00982529 /* NSDate+XZFormatString.m */; };
		684BA4591D6173E000982529 /* NSDate+XZUtilities.m in Sources */ = {isa = PBXBuildFile; fileRef = 684BA4261D6173DF00982529 /* NSDate+XZUtilities.m */; };
		684BA45A1D6173E000982529 /* NSDictionary+XZJSONSerialization.m in Sources */ = {isa = PBXBuildFile; fileRef = 684BA4291D6173DF00982529 /* NSDictionary+XZJSONSerialization.m */; };
		684BA45B1D6173E000982529 /* NSDictionary+XZURL.m in Sources */ = {isa = PBXBuildFile; fileRef = 684BA42B1D6173DF00982529 /* NSDictionary+XZURL.m */; };
		684BA45C1D6173E000982529 /* NSFileManager+XZOperation.m in Sources */ = {isa = PBXBuildFile; fileRef = 684BA42E1D6173DF00982529 /* NSFileManager+XZOperation.m */; };
		684BA45D1D6173E000982529 /* NSFileManager+XZPath.m in Sources */ = {isa = PBXBuildFile; fileRef = 684BA4301D6173DF00982529 /* NSFileManager+XZPath.m */; };
		684BA45E1D6173E000982529 /* NSMutableURLRequest+XZUpload.m in Sources */ = {isa = PBXBuildFile; fileRef = 684BA4331D6173E000982529 /* NSMutableURLRequest+XZUpload.m */; };
		684BA45F1D6173E000982529 /* NSNumber+XZNumberFormat.m in Sources */ = {isa = PBXBuildFile; fileRef = 684BA4361D6173E000982529 /* NSNumber+XZNumberFormat.m */; };
		684BA4601D6173E000982529 /* NSNumber+XZRound.m in Sources */ = {isa = PBXBuildFile; fileRef = 684BA4381D6173E000982529 /* NSNumber+XZRound.m */; };
		684BA4611D6173E000982529 /* NSString+XZEncryption.m in Sources */ = {isa = PBXBuildFile; fileRef = 684BA43B1D6173E000982529 /* NSString+XZEncryption.m */; };
		684BA4621D6173E000982529 /* NSString+XZJSONSerialization.m in Sources */ = {isa = PBXBuildFile; fileRef = 684BA43D1D6173E000982529 /* NSString+XZJSONSerialization.m */; };
		684BA4631D6173E000982529 /* NSString+XZNumerical.m in Sources */ = {isa = PBXBuildFile; fileRef = 684BA43F1D6173E000982529 /* NSString+XZNumerical.m */; };
		684BA4641D6173E000982529 /* NSString+XZPinyin.m in Sources */ = {isa = PBXBuildFile; fileRef = 684BA4411D6173E000982529 /* NSString+XZPinyin.m */; };
		684BA4651D6173E000982529 /* NSString+XZRegular.m in Sources */ = {isa = PBXBuildFile; fileRef = 684BA4431D6173E000982529 /* NSString+XZRegular.m */; };
		684BA4661D6173E000982529 /* NSString+XZURLEncode.m in Sources */ = {isa = PBXBuildFile; fileRef = 684BA4451D6173E000982529 /* NSString+XZURLEncode.m */; };
		684BA4671D6173E000982529 /* NSTimer+XZExtension.m in Sources */ = {isa = PBXBuildFile; fileRef = 684BA4481D6173E000982529 /* NSTimer+XZExtension.m */; };
		684BA4681D6173E000982529 /* NSURL+XZParam.m in Sources */ = {isa = PBXBuildFile; fileRef = 684BA44B1D6173E000982529 /* NSURL+XZParam.m */; };
		684BA4691D6173E000982529 /* NSUserDefaults+XZiCloud.m in Sources */ = {isa = PBXBuildFile; fileRef = 684BA44E1D6173E000982529 /* NSUserDefaults+XZiCloud.m */; };
		68826D281D59AD8E0049057F /* NSURLTexts.m in Sources */ = {isa = PBXBuildFile; fileRef = 68826D271D59AD8E0049057F /* NSURLTexts.m */; };
		68826D2E1D59B8700049057F /* NSDictionaryTests.m in Sources */ = {isa = PBXBuildFile; fileRef = 68826D2D1D59B8700049057F /* NSDictionaryTests.m */; };
		68826D341D59D6700049057F /* NSUserDefaultTests.m in Sources */ = {isa = PBXBuildFile; fileRef = 68826D331D59D6700049057F /* NSUserDefaultTests.m */; };
		688B0F8E1D5867EF00C052B8 /* main.m in Sources */ = {isa = PBXBuildFile; fileRef = 688B0F8D1D5867EF00C052B8 /* main.m */; };
		688B0F911D5867EF00C052B8 /* AppDelegate.m in Sources */ = {isa = PBXBuildFile; fileRef = 688B0F901D5867EF00C052B8 /* AppDelegate.m */; };
		688B0F941D5867EF00C052B8 /* ViewController.m in Sources */ = {isa = PBXBuildFile; fileRef = 688B0F931D5867EF00C052B8 /* ViewController.m */; };
		688B0F971D5867EF00C052B8 /* Main.storyboard in Resources */ = {isa = PBXBuildFile; fileRef = 688B0F951D5867EF00C052B8 /* Main.storyboard */; };
		688B0F991D5867EF00C052B8 /* Assets.xcassets in Resources */ = {isa = PBXBuildFile; fileRef = 688B0F981D5867EF00C052B8 /* Assets.xcassets */; };
		688B0F9C1D5867EF00C052B8 /* LaunchScreen.storyboard in Resources */ = {isa = PBXBuildFile; fileRef = 688B0F9A1D5867EF00C052B8 /* LaunchScreen.storyboard */; };
		688B0FA71D5867EF00C052B8 /* XZCategories_DemoTests.m in Sources */ = {isa = PBXBuildFile; fileRef = 688B0FA61D5867EF00C052B8 /* XZCategories_DemoTests.m */; };
		68E20C951D59823E00F79B7E /* NSFileManagerTexts.m in Sources */ = {isa = PBXBuildFile; fileRef = 68E20C941D59823E00F79B7E /* NSFileManagerTexts.m */; };
/* End PBXBuildFile section */

/* Begin PBXContainerItemProxy section */
		688B0FA31D5867EF00C052B8 /* PBXContainerItemProxy */ = {
			isa = PBXContainerItemProxy;
			containerPortal = 688B0F811D5867EF00C052B8 /* Project object */;
			proxyType = 1;
			remoteGlobalIDString = 688B0F881D5867EF00C052B8;
			remoteInfo = "XZCategories-Demo";
		};
/* End PBXContainerItemProxy section */

/* Begin PBXFileReference section */
		681F31731D59F29B00659149 /* NSNumberTests.m */ = {isa = PBXFileReference; fileEncoding = 4; lastKnownFileType = sourcecode.c.objc; path = NSNumberTests.m; sourceTree = "<group>"; };
		684BA3661D5C4EEF00982529 /* NSStringTests.m */ = {isa = PBXFileReference; fileEncoding = 4; lastKnownFileType = sourcecode.c.objc; path = NSStringTests.m; sourceTree = "<group>"; };
		684BA3981D60568E00982529 /* NSDateTests.m */ = {isa = PBXFileReference; fileEncoding = 4; lastKnownFileType = sourcecode.c.objc; path = NSDateTests.m; sourceTree = "<group>"; };
		684BA3A51D6162AD00982529 /* UIDevice+XZPhoneModel.h */ = {isa = PBXFileReference; fileEncoding = 4; lastKnownFileType = sourcecode.c.h; path = "UIDevice+XZPhoneModel.h"; sourceTree = "<group>"; };
		684BA3A61D6162AD00982529 /* UIDevice+XZPhoneModel.m */ = {isa = PBXFileReference; fileEncoding = 4; lastKnownFileType = sourcecode.c.objc; path = "UIDevice+XZPhoneModel.m"; sourceTree = "<group>"; };
		684BA40E1D6173DF00982529 /* NSArray+XZJSONSerialization.h */ = {isa = PBXFileReference; fileEncoding = 4; lastKnownFileType = sourcecode.c.h; path = "NSArray+XZJSONSerialization.h"; sourceTree = "<group>"; };
		684BA40F1D6173DF00982529 /* NSArray+XZJSONSerialization.m */ = {isa = PBXFileReference; fileEncoding = 4; lastKnownFileType = sourcecode.c.objc; path = "NSArray+XZJSONSerialization.m"; sourceTree = "<group>"; };
		684BA4111D6173DF00982529 /* NSAttributedString+XZAdditional.h */ = {isa = PBXFileReference; fileEncoding = 4; lastKnownFileType = sourcecode.c.h; path = "NSAttributedString+XZAdditional.h"; sourceTree = "<group>"; };
		684BA4121D6173DF00982529 /* NSAttributedString+XZAdditional.m */ = {isa = PBXFileReference; fileEncoding = 4; lastKnownFileType = sourcecode.c.objc; path = "NSAttributedString+XZAdditional.m"; sourceTree = "<group>"; };
		684BA4131D6173DF00982529 /* NSAttributedString+XZBestSize.h */ = {isa = PBXFileReference; fileEncoding = 4; lastKnownFileType = sourcecode.c.h; path = "NSAttributedString+XZBestSize.h"; sourceTree = "<group>"; };
		684BA4141D6173DF00982529 /* NSAttributedString+XZBestSize.m */ = {isa = PBXFileReference; fileEncoding = 4; lastKnownFileType = sourcecode.c.objc; path = "NSAttributedString+XZBestSize.m"; sourceTree = "<group>"; };
		684BA4151D6173DF00982529 /* NSAttributedString+XZImage.h */ = {isa = PBXFileReference; fileEncoding = 4; lastKnownFileType = sourcecode.c.h; path = "NSAttributedString+XZImage.h"; sourceTree = "<group>"; };
		684BA4161D6173DF00982529 /* NSAttributedString+XZImage.m */ = {isa = PBXFileReference; fileEncoding = 4; lastKnownFileType = sourcecode.c.objc; path = "NSAttributedString+XZImage.m"; sourceTree = "<group>"; };
		684BA4171D6173DF00982529 /* NSAttributedString+XZMessageEmoji.h */ = {isa = PBXFileReference; fileEncoding = 4; lastKnownFileType = sourcecode.c.h; path = "NSAttributedString+XZMessageEmoji.h"; sourceTree = "<group>"; };
		684BA4181D6173DF00982529 /* NSAttributedString+XZMessageEmoji.m */ = {isa = PBXFileReference; fileEncoding = 4; lastKnownFileType = sourcecode.c.objc; path = "NSAttributedString+XZMessageEmoji.m"; sourceTree = "<group>"; };
		684BA41A1D6173DF00982529 /* NSData+XZBase64.h */ = {isa = PBXFileReference; fileEncoding = 4; lastKnownFileType = sourcecode.c.h; path = "NSData+XZBase64.h"; sourceTree = "<group>"; };
		684BA41B1D6173DF00982529 /* NSData+XZBase64.m */ = {isa = PBXFileReference; fileEncoding = 4; lastKnownFileType = sourcecode.c.objc; path = "NSData+XZBase64.m"; sourceTree = "<group>"; };
		684BA41C1D6173DF00982529 /* NSData+XZEncrypt.h */ = {isa = PBXFileReference; fileEncoding = 4; lastKnownFileType = sourcecode.c.h; path = "NSData+XZEncrypt.h"; sourceTree = "<group>"; };
		684BA41D1D6173DF00982529 /* NSData+XZEncrypt.m */ = {isa = PBXFileReference; fileEncoding = 4; lastKnownFileType = sourcecode.c.objc; path = "NSData+XZEncrypt.m"; sourceTree = "<group>"; };
		684BA41E1D6173DF00982529 /* NSData+XZJSONSerialization.h */ = {isa = PBXFileReference; fileEncoding = 4; lastKnownFileType = sourcecode.c.h; path = "NSData+XZJSONSerialization.h"; sourceTree = "<group>"; };
		684BA41F1D6173DF00982529 /* NSData+XZJSONSerialization.m */ = {isa = PBXFileReference; fileEncoding = 4; lastKnownFileType = sourcecode.c.objc; path = "NSData+XZJSONSerialization.m"; sourceTree = "<group>"; };
		684BA4211D6173DF00982529 /* NSDate+XZExtension.h */ = {isa = PBXFileReference; fileEncoding = 4; lastKnownFileType = sourcecode.c.h; path = "NSDate+XZExtension.h"; sourceTree = "<group>"; };
		684BA4221D6173DF00982529 /* NSDate+XZExtension.m */ = {isa = PBXFileReference; fileEncoding = 4; lastKnownFileType = sourcecode.c.objc; path = "NSDate+XZExtension.m"; sourceTree = "<group>"; };
		684BA4231D6173DF00982529 /* NSDate+XZFormatString.h */ = {isa = PBXFileReference; fileEncoding = 4; lastKnownFileType = sourcecode.c.h; path = "NSDate+XZFormatString.h"; sourceTree = "<group>"; };
		684BA4241D6173DF00982529 /* NSDate+XZFormatString.m */ = {isa = PBXFileReference; fileEncoding = 4; lastKnownFileType = sourcecode.c.objc; path = "NSDate+XZFormatString.m"; sourceTree = "<group>"; };
		684BA4251D6173DF00982529 /* NSDate+XZUtilities.h */ = {isa = PBXFileReference; fileEncoding = 4; lastKnownFileType = sourcecode.c.h; path = "NSDate+XZUtilities.h"; sourceTree = "<group>"; };
		684BA4261D6173DF00982529 /* NSDate+XZUtilities.m */ = {isa = PBXFileReference; fileEncoding = 4; lastKnownFileType = sourcecode.c.objc; path = "NSDate+XZUtilities.m"; sourceTree = "<group>"; };
		684BA4281D6173DF00982529 /* NSDictionary+XZJSONSerialization.h */ = {isa = PBXFileReference; fileEncoding = 4; lastKnownFileType = sourcecode.c.h; path = "NSDictionary+XZJSONSerialization.h"; sourceTree = "<group>"; };
		684BA4291D6173DF00982529 /* NSDictionary+XZJSONSerialization.m */ = {isa = PBXFileReference; fileEncoding = 4; lastKnownFileType = sourcecode.c.objc; path = "NSDictionary+XZJSONSerialization.m"; sourceTree = "<group>"; };
		684BA42A1D6173DF00982529 /* NSDictionary+XZURL.h */ = {isa = PBXFileReference; fileEncoding = 4; lastKnownFileType = sourcecode.c.h; path = "NSDictionary+XZURL.h"; sourceTree = "<group>"; };
		684BA42B1D6173DF00982529 /* NSDictionary+XZURL.m */ = {isa = PBXFileReference; fileEncoding = 4; lastKnownFileType = sourcecode.c.objc; path = "NSDictionary+XZURL.m"; sourceTree = "<group>"; };
		684BA42D1D6173DF00982529 /* NSFileManager+XZOperation.h */ = {isa = PBXFileReference; fileEncoding = 4; lastKnownFileType = sourcecode.c.h; path = "NSFileManager+XZOperation.h"; sourceTree = "<group>"; };
		684BA42E1D6173DF00982529 /* NSFileManager+XZOperation.m */ = {isa = PBXFileReference; fileEncoding = 4; lastKnownFileType = sourcecode.c.objc; path = "NSFileManager+XZOperation.m"; sourceTree = "<group>"; };
		684BA42F1D6173DF00982529 /* NSFileManager+XZPath.h */ = {isa = PBXFileReference; fileEncoding = 4; lastKnownFileType = sourcecode.c.h; path = "NSFileManager+XZPath.h"; sourceTree = "<group>"; };
		684BA4301D6173DF00982529 /* NSFileManager+XZPath.m */ = {isa = PBXFileReference; fileEncoding = 4; lastKnownFileType = sourcecode.c.objc; path = "NSFileManager+XZPath.m"; sourceTree = "<group>"; };
		684BA4321D6173E000982529 /* NSMutableURLRequest+XZUpload.h */ = {isa = PBXFileReference; fileEncoding = 4; lastKnownFileType = sourcecode.c.h; path = "NSMutableURLRequest+XZUpload.h"; sourceTree = "<group>"; };
		684BA4331D6173E000982529 /* NSMutableURLRequest+XZUpload.m */ = {isa = PBXFileReference; fileEncoding = 4; lastKnownFileType = sourcecode.c.objc; path = "NSMutableURLRequest+XZUpload.m"; sourceTree = "<group>"; };
		684BA4351D6173E000982529 /* NSNumber+XZNumberFormat.h */ = {isa = PBXFileReference; fileEncoding = 4; lastKnownFileType = sourcecode.c.h; path = "NSNumber+XZNumberFormat.h"; sourceTree = "<group>"; };
		684BA4361D6173E000982529 /* NSNumber+XZNumberFormat.m */ = {isa = PBXFileReference; fileEncoding = 4; lastKnownFileType = sourcecode.c.objc; path = "NSNumber+XZNumberFormat.m"; sourceTree = "<group>"; };
		684BA4371D6173E000982529 /* NSNumber+XZRound.h */ = {isa = PBXFileReference; fileEncoding = 4; lastKnownFileType = sourcecode.c.h; path = "NSNumber+XZRound.h"; sourceTree = "<group>"; };
		684BA4381D6173E000982529 /* NSNumber+XZRound.m */ = {isa = PBXFileReference; fileEncoding = 4; lastKnownFileType = sourcecode.c.objc; path = "NSNumber+XZRound.m"; sourceTree = "<group>"; };
		684BA43A1D6173E000982529 /* NSString+XZEncryption.h */ = {isa = PBXFileReference; fileEncoding = 4; lastKnownFileType = sourcecode.c.h; path = "NSString+XZEncryption.h"; sourceTree = "<group>"; };
		684BA43B1D6173E000982529 /* NSString+XZEncryption.m */ = {isa = PBXFileReference; fileEncoding = 4; lastKnownFileType = sourcecode.c.objc; path = "NSString+XZEncryption.m"; sourceTree = "<group>"; };
		684BA43C1D6173E000982529 /* NSString+XZJSONSerialization.h */ = {isa = PBXFileReference; fileEncoding = 4; lastKnownFileType = sourcecode.c.h; path = "NSString+XZJSONSerialization.h"; sourceTree = "<group>"; };
		684BA43D1D6173E000982529 /* NSString+XZJSONSerialization.m */ = {isa = PBXFileReference; fileEncoding = 4; lastKnownFileType = sourcecode.c.objc; path = "NSString+XZJSONSerialization.m"; sourceTree = "<group>"; };
		684BA43E1D6173E000982529 /* NSString+XZNumerical.h */ = {isa = PBXFileReference; fileEncoding = 4; lastKnownFileType = sourcecode.c.h; path = "NSString+XZNumerical.h"; sourceTree = "<group>"; };
		684BA43F1D6173E000982529 /* NSString+XZNumerical.m */ = {isa = PBXFileReference; fileEncoding = 4; lastKnownFileType = sourcecode.c.objc; path = "NSString+XZNumerical.m"; sourceTree = "<group>"; };
		684BA4401D6173E000982529 /* NSString+XZPinyin.h */ = {isa = PBXFileReference; fileEncoding = 4; lastKnownFileType = sourcecode.c.h; path = "NSString+XZPinyin.h"; sourceTree = "<group>"; };
		684BA4411D6173E000982529 /* NSString+XZPinyin.m */ = {isa = PBXFileReference; fileEncoding = 4; lastKnownFileType = sourcecode.c.objc; path = "NSString+XZPinyin.m"; sourceTree = "<group>"; };
		684BA4421D6173E000982529 /* NSString+XZRegular.h */ = {isa = PBXFileReference; fileEncoding = 4; lastKnownFileType = sourcecode.c.h; path = "NSString+XZRegular.h"; sourceTree = "<group>"; };
		684BA4431D6173E000982529 /* NSString+XZRegular.m */ = {isa = PBXFileReference; fileEncoding = 4; lastKnownFileType = sourcecode.c.objc; path = "NSString+XZRegular.m"; sourceTree = "<group>"; };
		684BA4441D6173E000982529 /* NSString+XZURLEncode.h */ = {isa = PBXFileReference; fileEncoding = 4; lastKnownFileType = sourcecode.c.h; path = "NSString+XZURLEncode.h"; sourceTree = "<group>"; };
		684BA4451D6173E000982529 /* NSString+XZURLEncode.m */ = {isa = PBXFileReference; fileEncoding = 4; lastKnownFileType = sourcecode.c.objc; path = "NSString+XZURLEncode.m"; sourceTree = "<group>"; };
		684BA4471D6173E000982529 /* NSTimer+XZExtension.h */ = {isa = PBXFileReference; fileEncoding = 4; lastKnownFileType = sourcecode.c.h; path = "NSTimer+XZExtension.h"; sourceTree = "<group>"; };
		684BA4481D6173E000982529 /* NSTimer+XZExtension.m */ = {isa = PBXFileReference; fileEncoding = 4; lastKnownFileType = sourcecode.c.objc; path = "NSTimer+XZExtension.m"; sourceTree = "<group>"; };
		684BA44A1D6173E000982529 /* NSURL+XZParam.h */ = {isa = PBXFileReference; fileEncoding = 4; lastKnownFileType = sourcecode.c.h; path = "NSURL+XZParam.h"; sourceTree = "<group>"; };
		684BA44B1D6173E000982529 /* NSURL+XZParam.m */ = {isa = PBXFileReference; fileEncoding = 4; lastKnownFileType = sourcecode.c.objc; path = "NSURL+XZParam.m"; sourceTree = "<group>"; };
		684BA44D1D6173E000982529 /* NSUserDefaults+XZiCloud.h */ = {isa = PBXFileReference; fileEncoding = 4; lastKnownFileType = sourcecode.c.h; path = "NSUserDefaults+XZiCloud.h"; sourceTree = "<group>"; };
		684BA44E1D6173E000982529 /* NSUserDefaults+XZiCloud.m */ = {isa = PBXFileReference; fileEncoding = 4; lastKnownFileType = sourcecode.c.objc; path = "NSUserDefaults+XZiCloud.m"; sourceTree = "<group>"; };
		68826D271D59AD8E0049057F /* NSURLTexts.m */ = {isa = PBXFileReference; fileEncoding = 4; lastKnownFileType = sourcecode.c.objc; path = NSURLTexts.m; sourceTree = "<group>"; };
		68826D2D1D59B8700049057F /* NSDictionaryTests.m */ = {isa = PBXFileReference; fileEncoding = 4; lastKnownFileType = sourcecode.c.objc; path = NSDictionaryTests.m; sourceTree = "<group>"; };
		68826D331D59D6700049057F /* NSUserDefaultTests.m */ = {isa = PBXFileReference; fileEncoding = 4; lastKnownFileType = sourcecode.c.objc; path = NSUserDefaultTests.m; sourceTree = "<group>"; };
		688B0F891D5867EF00C052B8 /* XZCategories-Demo.app */ = {isa = PBXFileReference; explicitFileType = wrapper.application; includeInIndex = 0; path = "XZCategories-Demo.app"; sourceTree = BUILT_PRODUCTS_DIR; };
		688B0F8D1D5867EF00C052B8 /* main.m */ = {isa = PBXFileReference; lastKnownFileType = sourcecode.c.objc; path = main.m; sourceTree = "<group>"; };
		688B0F8F1D5867EF00C052B8 /* AppDelegate.h */ = {isa = PBXFileReference; lastKnownFileType = sourcecode.c.h; path = AppDelegate.h; sourceTree = "<group>"; };
		688B0F901D5867EF00C052B8 /* AppDelegate.m */ = {isa = PBXFileReference; lastKnownFileType = sourcecode.c.objc; path = AppDelegate.m; sourceTree = "<group>"; };
		688B0F921D5867EF00C052B8 /* ViewController.h */ = {isa = PBXFileReference; lastKnownFileType = sourcecode.c.h; path = ViewController.h; sourceTree = "<group>"; };
		688B0F931D5867EF00C052B8 /* ViewController.m */ = {isa = PBXFileReference; lastKnownFileType = sourcecode.c.objc; path = ViewController.m; sourceTree = "<group>"; };
		688B0F961D5867EF00C052B8 /* Base */ = {isa = PBXFileReference; lastKnownFileType = file.storyboard; name = Base; path = Base.lproj/Main.storyboard; sourceTree = "<group>"; };
		688B0F981D5867EF00C052B8 /* Assets.xcassets */ = {isa = PBXFileReference; lastKnownFileType = folder.assetcatalog; path = Assets.xcassets; sourceTree = "<group>"; };
		688B0F9B1D5867EF00C052B8 /* Base */ = {isa = PBXFileReference; lastKnownFileType = file.storyboard; name = Base; path = Base.lproj/LaunchScreen.storyboard; sourceTree = "<group>"; };
		688B0F9D1D5867EF00C052B8 /* Info.plist */ = {isa = PBXFileReference; lastKnownFileType = text.plist.xml; path = Info.plist; sourceTree = "<group>"; };
		688B0FA21D5867EF00C052B8 /* XZCategories-DemoTests.xctest */ = {isa = PBXFileReference; explicitFileType = wrapper.cfbundle; includeInIndex = 0; path = "XZCategories-DemoTests.xctest"; sourceTree = BUILT_PRODUCTS_DIR; };
		688B0FA61D5867EF00C052B8 /* XZCategories_DemoTests.m */ = {isa = PBXFileReference; lastKnownFileType = sourcecode.c.objc; path = XZCategories_DemoTests.m; sourceTree = "<group>"; };
		688B0FA81D5867EF00C052B8 /* Info.plist */ = {isa = PBXFileReference; lastKnownFileType = text.plist.xml; path = Info.plist; sourceTree = "<group>"; };
		68E20C941D59823E00F79B7E /* NSFileManagerTexts.m */ = {isa = PBXFileReference; fileEncoding = 4; lastKnownFileType = sourcecode.c.objc; path = NSFileManagerTexts.m; sourceTree = "<group>"; };
/* End PBXFileReference section */

/* Begin PBXFrameworksBuildPhase section */
		688B0F861D5867EF00C052B8 /* Frameworks */ = {
			isa = PBXFrameworksBuildPhase;
			buildActionMask = 2147483647;
			files = (
			);
			runOnlyForDeploymentPostprocessing = 0;
		};
		688B0F9F1D5867EF00C052B8 /* Frameworks */ = {
			isa = PBXFrameworksBuildPhase;
			buildActionMask = 2147483647;
			files = (
			);
			runOnlyForDeploymentPostprocessing = 0;
		};
/* End PBXFrameworksBuildPhase section */

/* Begin PBXGroup section */
		684BA39F1D6097A200982529 /* Controller */ = {
			isa = PBXGroup;
			children = (
			);
			path = Controller;
			sourceTree = "<group>";
		};
		684BA3A41D61629B00982529 /* UIDevice */ = {
			isa = PBXGroup;
			children = (
				684BA3A51D6162AD00982529 /* UIDevice+XZPhoneModel.h */,
				684BA3A61D6162AD00982529 /* UIDevice+XZPhoneModel.m */,
			);
			path = UIDevice;
			sourceTree = "<group>";
		};
		684BA40C1D6173DF00982529 /* Foundation */ = {
			isa = PBXGroup;
			children = (
				684BA40D1D6173DF00982529 /* NSArray */,
				684BA4101D6173DF00982529 /* NSAttributedString */,
				684BA4191D6173DF00982529 /* NSData */,
				684BA4201D6173DF00982529 /* NSDate */,
				684BA4271D6173DF00982529 /* NSDictionary */,
				684BA42C1D6173DF00982529 /* NSFileManager */,
				684BA4311D6173DF00982529 /* NSMutableURLRequest */,
				684BA4341D6173E000982529 /* NSNumber */,
				684BA4391D6173E000982529 /* NSString */,
				684BA4461D6173E000982529 /* NSTimer */,
				684BA4491D6173E000982529 /* NSURL */,
				684BA44C1D6173E000982529 /* NSUserDefault */,
			);
			path = Foundation;
			sourceTree = "<group>";
		};
		684BA40D1D6173DF00982529 /* NSArray */ = {
			isa = PBXGroup;
			children = (
				684BA40E1D6173DF00982529 /* NSArray+XZJSONSerialization.h */,
				684BA40F1D6173DF00982529 /* NSArray+XZJSONSerialization.m */,
			);
			path = NSArray;
			sourceTree = "<group>";
		};
		684BA4101D6173DF00982529 /* NSAttributedString */ = {
			isa = PBXGroup;
			children = (
				684BA4111D6173DF00982529 /* NSAttributedString+XZAdditional.h */,
				684BA4121D6173DF00982529 /* NSAttributedString+XZAdditional.m */,
				684BA4131D6173DF00982529 /* NSAttributedString+XZBestSize.h */,
				684BA4141D6173DF00982529 /* NSAttributedString+XZBestSize.m */,
				684BA4151D6173DF00982529 /* NSAttributedString+XZImage.h */,
				684BA4161D6173DF00982529 /* NSAttributedString+XZImage.m */,
				684BA4171D6173DF00982529 /* NSAttributedString+XZMessageEmoji.h */,
				684BA4181D6173DF00982529 /* NSAttributedString+XZMessageEmoji.m */,
			);
			path = NSAttributedString;
			sourceTree = "<group>";
		};
		684BA4191D6173DF00982529 /* NSData */ = {
			isa = PBXGroup;
			children = (
				684BA41A1D6173DF00982529 /* NSData+XZBase64.h */,
				684BA41B1D6173DF00982529 /* NSData+XZBase64.m */,
				684BA41C1D6173DF00982529 /* NSData+XZEncrypt.h */,
				684BA41D1D6173DF00982529 /* NSData+XZEncrypt.m */,
				684BA41E1D6173DF00982529 /* NSData+XZJSONSerialization.h */,
				684BA41F1D6173DF00982529 /* NSData+XZJSONSerialization.m */,
			);
			path = NSData;
			sourceTree = "<group>";
		};
		684BA4201D6173DF00982529 /* NSDate */ = {
			isa = PBXGroup;
			children = (
				684BA4211D6173DF00982529 /* NSDate+XZExtension.h */,
				684BA4221D6173DF00982529 /* NSDate+XZExtension.m */,
				684BA4231D6173DF00982529 /* NSDate+XZFormatString.h */,
				684BA4241D6173DF00982529 /* NSDate+XZFormatString.m */,
				684BA4251D6173DF00982529 /* NSDate+XZUtilities.h */,
				684BA4261D6173DF00982529 /* NSDate+XZUtilities.m */,
			);
			path = NSDate;
			sourceTree = "<group>";
		};
		684BA4271D6173DF00982529 /* NSDictionary */ = {
			isa = PBXGroup;
			children = (
				684BA4281D6173DF00982529 /* NSDictionary+XZJSONSerialization.h */,
				684BA4291D6173DF00982529 /* NSDictionary+XZJSONSerialization.m */,
				684BA42A1D6173DF00982529 /* NSDictionary+XZURL.h */,
				684BA42B1D6173DF00982529 /* NSDictionary+XZURL.m */,
			);
			path = NSDictionary;
			sourceTree = "<group>";
		};
		684BA42C1D6173DF00982529 /* NSFileManager */ = {
			isa = PBXGroup;
			children = (
				684BA42D1D6173DF00982529 /* NSFileManager+XZOperation.h */,
				684BA42E1D6173DF00982529 /* NSFileManager+XZOperation.m */,
				684BA42F1D6173DF00982529 /* NSFileManager+XZPath.h */,
				684BA4301D6173DF00982529 /* NSFileManager+XZPath.m */,
			);
			path = NSFileManager;
			sourceTree = "<group>";
		};
		684BA4311D6173DF00982529 /* NSMutableURLRequest */ = {
			isa = PBXGroup;
			children = (
				684BA4321D6173E000982529 /* NSMutableURLRequest+XZUpload.h */,
				684BA4331D6173E000982529 /* NSMutableURLRequest+XZUpload.m */,
			);
			path = NSMutableURLRequest;
			sourceTree = "<group>";
		};
		684BA4341D6173E000982529 /* NSNumber */ = {
			isa = PBXGroup;
			children = (
				684BA4351D6173E000982529 /* NSNumber+XZNumberFormat.h */,
				684BA4361D6173E000982529 /* NSNumber+XZNumberFormat.m */,
				684BA4371D6173E000982529 /* NSNumber+XZRound.h */,
				684BA4381D6173E000982529 /* NSNumber+XZRound.m */,
			);
			path = NSNumber;
			sourceTree = "<group>";
		};
		684BA4391D6173E000982529 /* NSString */ = {
			isa = PBXGroup;
			children = (
				684BA43A1D6173E000982529 /* NSString+XZEncryption.h */,
				684BA43B1D6173E000982529 /* NSString+XZEncryption.m */,
				684BA43C1D6173E000982529 /* NSString+XZJSONSerialization.h */,
				684BA43D1D6173E000982529 /* NSString+XZJSONSerialization.m */,
				684BA43E1D6173E000982529 /* NSString+XZNumerical.h */,
				684BA43F1D6173E000982529 /* NSString+XZNumerical.m */,
				684BA4401D6173E000982529 /* NSString+XZPinyin.h */,
				684BA4411D6173E000982529 /* NSString+XZPinyin.m */,
				684BA4421D6173E000982529 /* NSString+XZRegular.h */,
				684BA4431D6173E000982529 /* NSString+XZRegular.m */,
				684BA4441D6173E000982529 /* NSString+XZURLEncode.h */,
				684BA4451D6173E000982529 /* NSString+XZURLEncode.m */,
			);
			path = NSString;
			sourceTree = "<group>";
		};
		684BA4461D6173E000982529 /* NSTimer */ = {
			isa = PBXGroup;
			children = (
				684BA4471D6173E000982529 /* NSTimer+XZExtension.h */,
				684BA4481D6173E000982529 /* NSTimer+XZExtension.m */,
			);
			path = NSTimer;
			sourceTree = "<group>";
		};
		684BA4491D6173E000982529 /* NSURL */ = {
			isa = PBXGroup;
			children = (
				684BA44A1D6173E000982529 /* NSURL+XZParam.h */,
				684BA44B1D6173E000982529 /* NSURL+XZParam.m */,
			);
			path = NSURL;
			sourceTree = "<group>";
		};
		684BA44C1D6173E000982529 /* NSUserDefault */ = {
			isa = PBXGroup;
			children = (
				684BA44D1D6173E000982529 /* NSUserDefaults+XZiCloud.h */,
				684BA44E1D6173E000982529 /* NSUserDefaults+XZiCloud.m */,
			);
			path = NSUserDefault;
			sourceTree = "<group>";
		};
		688B0F801D5867EF00C052B8 = {
			isa = PBXGroup;
			children = (
				688B0FB11D58684B00C052B8 /* XZCategories */,
				688B0F8B1D5867EF00C052B8 /* XZCategories-Demo */,
				688B0FA51D5867EF00C052B8 /* XZCategories-DemoTests */,
				688B0F8A1D5867EF00C052B8 /* Products */,
			);
			sourceTree = "<group>";
		};
		688B0F8A1D5867EF00C052B8 /* Products */ = {
			isa = PBXGroup;
			children = (
				688B0F891D5867EF00C052B8 /* XZCategories-Demo.app */,
				688B0FA21D5867EF00C052B8 /* XZCategories-DemoTests.xctest */,
			);
			name = Products;
			sourceTree = "<group>";
		};
		688B0F8B1D5867EF00C052B8 /* XZCategories-Demo */ = {
			isa = PBXGroup;
			children = (
				688B0F8F1D5867EF00C052B8 /* AppDelegate.h */,
				688B0F901D5867EF00C052B8 /* AppDelegate.m */,
				688B0F921D5867EF00C052B8 /* ViewController.h */,
				688B0F931D5867EF00C052B8 /* ViewController.m */,
				688B0F951D5867EF00C052B8 /* Main.storyboard */,
				688B0F981D5867EF00C052B8 /* Assets.xcassets */,
				688B0F9A1D5867EF00C052B8 /* LaunchScreen.storyboard */,
				688B0F9D1D5867EF00C052B8 /* Info.plist */,
				688B0F8C1D5867EF00C052B8 /* Supporting Files */,
			);
			path = "XZCategories-Demo";
			sourceTree = "<group>";
		};
		688B0F8C1D5867EF00C052B8 /* Supporting Files */ = {
			isa = PBXGroup;
			children = (
				688B0F8D1D5867EF00C052B8 /* main.m */,
			);
			name = "Supporting Files";
			sourceTree = "<group>";
		};
		688B0FA51D5867EF00C052B8 /* XZCategories-DemoTests */ = {
			isa = PBXGroup;
			children = (
				68E20C931D59822200F79B7E /* NSFileManager */,
				688B0FA61D5867EF00C052B8 /* XZCategories_DemoTests.m */,
				688B0FA81D5867EF00C052B8 /* Info.plist */,
			);
			path = "XZCategories-DemoTests";
			sourceTree = "<group>";
		};
		688B0FB11D58684B00C052B8 /* XZCategories */ = {
			isa = PBXGroup;
			children = (
				684BA40C1D6173DF00982529 /* Foundation */,
				684BA39F1D6097A200982529 /* Controller */,
				688B0FB31D58689300C052B8 /* Other */,
				688B0FB41D58689300C052B8 /* UIKit */,
			);
			path = XZCategories;
			sourceTree = "<group>";
		};
		688B0FB31D58689300C052B8 /* Other */ = {
			isa = PBXGroup;
			children = (
			);
			path = Other;
			sourceTree = "<group>";
		};
		688B0FB41D58689300C052B8 /* UIKit */ = {
			isa = PBXGroup;
			children = (
				684BA3A41D61629B00982529 /* UIDevice */,
			);
			path = UIKit;
			sourceTree = "<group>";
		};
		68E20C931D59822200F79B7E /* NSFileManager */ = {
			isa = PBXGroup;
			children = (
				68E20C941D59823E00F79B7E /* NSFileManagerTexts.m */,
				68826D271D59AD8E0049057F /* NSURLTexts.m */,
				68826D2D1D59B8700049057F /* NSDictionaryTests.m */,
				68826D331D59D6700049057F /* NSUserDefaultTests.m */,
				681F31731D59F29B00659149 /* NSNumberTests.m */,
				684BA3661D5C4EEF00982529 /* NSStringTests.m */,
				684BA3981D60568E00982529 /* NSDateTests.m */,
			);
			path = NSFileManager;
			sourceTree = "<group>";
		};
/* End PBXGroup section */

/* Begin PBXNativeTarget section */
		688B0F881D5867EF00C052B8 /* XZCategories-Demo */ = {
			isa = PBXNativeTarget;
			buildConfigurationList = 688B0FAB1D5867EF00C052B8 /* Build configuration list for PBXNativeTarget "XZCategories-Demo" */;
			buildPhases = (
				688B0F851D5867EF00C052B8 /* Sources */,
				688B0F861D5867EF00C052B8 /* Frameworks */,
				688B0F871D5867EF00C052B8 /* Resources */,
			);
			buildRules = (
			);
			dependencies = (
			);
			name = "XZCategories-Demo";
			productName = "XZCategories-Demo";
			productReference = 688B0F891D5867EF00C052B8 /* XZCategories-Demo.app */;
			productType = "com.apple.product-type.application";
		};
		688B0FA11D5867EF00C052B8 /* XZCategories-DemoTests */ = {
			isa = PBXNativeTarget;
			buildConfigurationList = 688B0FAE1D5867EF00C052B8 /* Build configuration list for PBXNativeTarget "XZCategories-DemoTests" */;
			buildPhases = (
				688B0F9E1D5867EF00C052B8 /* Sources */,
				688B0F9F1D5867EF00C052B8 /* Frameworks */,
				688B0FA01D5867EF00C052B8 /* Resources */,
			);
			buildRules = (
			);
			dependencies = (
				688B0FA41D5867EF00C052B8 /* PBXTargetDependency */,
			);
			name = "XZCategories-DemoTests";
			productName = "XZCategories-DemoTests";
			productReference = 688B0FA21D5867EF00C052B8 /* XZCategories-DemoTests.xctest */;
			productType = "com.apple.product-type.bundle.unit-test";
		};
/* End PBXNativeTarget section */

/* Begin PBXProject section */
		688B0F811D5867EF00C052B8 /* Project object */ = {
			isa = PBXProject;
			attributes = {
				LastUpgradeCheck = 0730;
				ORGANIZATIONNAME = xiaozhu;
				TargetAttributes = {
					688B0F881D5867EF00C052B8 = {
						CreatedOnToolsVersion = 7.3;
						DevelopmentTeam = 8EQW6BF68U;
					};
					688B0FA11D5867EF00C052B8 = {
						CreatedOnToolsVersion = 7.3;
						DevelopmentTeam = 8EQW6BF68U;
						TestTargetID = 688B0F881D5867EF00C052B8;
					};
				};
			};
			buildConfigurationList = 688B0F841D5867EF00C052B8 /* Build configuration list for PBXProject "XZCategories-Demo" */;
			compatibilityVersion = "Xcode 3.2";
			developmentRegion = English;
			hasScannedForEncodings = 0;
			knownRegions = (
				en,
				Base,
			);
			mainGroup = 688B0F801D5867EF00C052B8;
			productRefGroup = 688B0F8A1D5867EF00C052B8 /* Products */;
			projectDirPath = "";
			projectRoot = "";
			targets = (
				688B0F881D5867EF00C052B8 /* XZCategories-Demo */,
				688B0FA11D5867EF00C052B8 /* XZCategories-DemoTests */,
			);
		};
/* End PBXProject section */

/* Begin PBXResourcesBuildPhase section */
		688B0F871D5867EF00C052B8 /* Resources */ = {
			isa = PBXResourcesBuildPhase;
			buildActionMask = 2147483647;
			files = (
				688B0F9C1D5867EF00C052B8 /* LaunchScreen.storyboard in Resources */,
				688B0F991D5867EF00C052B8 /* Assets.xcassets in Resources */,
				688B0F971D5867EF00C052B8 /* Main.storyboard in Resources */,
			);
			runOnlyForDeploymentPostprocessing = 0;
		};
		688B0FA01D5867EF00C052B8 /* Resources */ = {
			isa = PBXResourcesBuildPhase;
			buildActionMask = 2147483647;
			files = (
			);
			runOnlyForDeploymentPostprocessing = 0;
		};
/* End PBXResourcesBuildPhase section */

/* Begin PBXSourcesBuildPhase section */
		688B0F851D5867EF00C052B8 /* Sources */ = {
			isa = PBXSourcesBuildPhase;
			buildActionMask = 2147483647;
			files = (
				684BA45C1D6173E000982529 /* NSFileManager+XZOperation.m in Sources */,
				684BA4591D6173E000982529 /* NSDate+XZUtilities.m in Sources */,
				684BA4611D6173E000982529 /* NSString+XZEncryption.m in Sources */,
				688B0F941D5867EF00C052B8 /* ViewController.m in Sources */,
				684BA4511D6173E000982529 /* NSAttributedString+XZBestSize.m in Sources */,
				684BA3A71D6162AD00982529 /* UIDevice+XZPhoneModel.m in Sources */,
				684BA4681D6173E000982529 /* NSURL+XZParam.m in Sources */,
				684BA4561D6173E000982529 /* NSData+XZJSONSerialization.m in Sources */,
				684BA4651D6173E000982529 /* NSString+XZRegular.m in Sources */,
				684BA4601D6173E000982529 /* NSNumber+XZRound.m in Sources */,
				688B0F911D5867EF00C052B8 /* AppDelegate.m in Sources */,
				684BA44F1D6173E000982529 /* NSArray+XZJSONSerialization.m in Sources */,
				684BA4641D6173E000982529 /* NSString+XZPinyin.m in Sources */,
				684BA4581D6173E000982529 /* NSDate+XZFormatString.m in Sources */,
				684BA45F1D6173E000982529 /* NSNumber+XZNumberFormat.m in Sources */,
				684BA4541D6173E000982529 /* NSData+XZBase64.m in Sources */,
				684BA4531D6173E000982529 /* NSAttributedString+XZMessageEmoji.m in Sources */,
				684BA4621D6173E000982529 /* NSString+XZJSONSerialization.m in Sources */,
				684BA4571D6173E000982529 /* NSDate+XZExtension.m in Sources */,
				684BA4671D6173E000982529 /* NSTimer+XZExtension.m in Sources */,
				684BA4551D6173E000982529 /* NSData+XZEncrypt.m in Sources */,
				684BA45B1D6173E000982529 /* NSDictionary+XZURL.m in Sources */,
				684BA45E1D6173E000982529 /* NSMutableURLRequest+XZUpload.m in Sources */,
				684BA4631D6173E000982529 /* NSString+XZNumerical.m in Sources */,
				684BA4501D6173E000982529 /* NSAttributedString+XZAdditional.m in Sources */,
				684BA45A1D6173E000982529 /* NSDictionary+XZJSONSerialization.m in Sources */,
				688B0F8E1D5867EF00C052B8 /* main.m in Sources */,
				684BA4691D6173E000982529 /* NSUserDefaults+XZiCloud.m in Sources */,
				684BA4521D6173E000982529 /* NSAttributedString+XZImage.m in Sources */,
				684BA45D1D6173E000982529 /* NSFileManager+XZPath.m in Sources */,
				684BA4661D6173E000982529 /* NSString+XZURLEncode.m in Sources */,
			);
			runOnlyForDeploymentPostprocessing = 0;
		};
		688B0F9E1D5867EF00C052B8 /* Sources */ = {
			isa = PBXSourcesBuildPhase;
			buildActionMask = 2147483647;
			files = (
				68826D341D59D6700049057F /* NSUserDefaultTests.m in Sources */,
				684BA3671D5C4EEF00982529 /* NSStringTests.m in Sources */,
				684BA3991D60568E00982529 /* NSDateTests.m in Sources */,
				68826D281D59AD8E0049057F /* NSURLTexts.m in Sources */,
				688B0FA71D5867EF00C052B8 /* XZCategories_DemoTests.m in Sources */,
				68826D2E1D59B8700049057F /* NSDictionaryTests.m in Sources */,
				68E20C951D59823E00F79B7E /* NSFileManagerTexts.m in Sources */,
				681F31741D59F29B00659149 /* NSNumberTests.m in Sources */,
			);
			runOnlyForDeploymentPostprocessing = 0;
		};
/* End PBXSourcesBuildPhase section */

/* Begin PBXTargetDependency section */
		688B0FA41D5867EF00C052B8 /* PBXTargetDependency */ = {
			isa = PBXTargetDependency;
			target = 688B0F881D5867EF00C052B8 /* XZCategories-Demo */;
			targetProxy = 688B0FA31D5867EF00C052B8 /* PBXContainerItemProxy */;
		};
/* End PBXTargetDependency section */

/* Begin PBXVariantGroup section */
		688B0F951D5867EF00C052B8 /* Main.storyboard */ = {
			isa = PBXVariantGroup;
			children = (
				688B0F961D5867EF00C052B8 /* Base */,
			);
			name = Main.storyboard;
			sourceTree = "<group>";
		};
		688B0F9A1D5867EF00C052B8 /* LaunchScreen.storyboard */ = {
			isa = PBXVariantGroup;
			children = (
				688B0F9B1D5867EF00C052B8 /* Base */,
			);
			name = LaunchScreen.storyboard;
			sourceTree = "<group>";
		};
/* End PBXVariantGroup section */

/* Begin XCBuildConfiguration section */
		688B0FA91D5867EF00C052B8 /* Debug */ = {
			isa = XCBuildConfiguration;
			buildSettings = {
				ALWAYS_SEARCH_USER_PATHS = NO;
				CLANG_ANALYZER_NONNULL = YES;
				CLANG_CXX_LANGUAGE_STANDARD = "gnu++0x";
				CLANG_CXX_LIBRARY = "libc++";
				CLANG_ENABLE_MODULES = YES;
				CLANG_ENABLE_OBJC_ARC = YES;
				CLANG_WARN_BOOL_CONVERSION = YES;
				CLANG_WARN_CONSTANT_CONVERSION = YES;
				CLANG_WARN_DIRECT_OBJC_ISA_USAGE = YES_ERROR;
				CLANG_WARN_EMPTY_BODY = YES;
				CLANG_WARN_ENUM_CONVERSION = YES;
				CLANG_WARN_INT_CONVERSION = YES;
				CLANG_WARN_OBJC_ROOT_CLASS = YES_ERROR;
				CLANG_WARN_UNREACHABLE_CODE = YES;
				CLANG_WARN__DUPLICATE_METHOD_MATCH = YES;
				"CODE_SIGN_IDENTITY[sdk=iphoneos*]" = "iPhone Developer";
				COPY_PHASE_STRIP = NO;
				DEBUG_INFORMATION_FORMAT = dwarf;
				ENABLE_STRICT_OBJC_MSGSEND = YES;
				ENABLE_TESTABILITY = YES;
				GCC_C_LANGUAGE_STANDARD = gnu99;
				GCC_DYNAMIC_NO_PIC = NO;
				GCC_NO_COMMON_BLOCKS = YES;
				GCC_OPTIMIZATION_LEVEL = 0;
				GCC_PREPROCESSOR_DEFINITIONS = (
					"DEBUG=1",
					"$(inherited)",
				);
				GCC_WARN_64_TO_32_BIT_CONVERSION = YES;
				GCC_WARN_ABOUT_RETURN_TYPE = YES_ERROR;
				GCC_WARN_UNDECLARED_SELECTOR = YES;
				GCC_WARN_UNINITIALIZED_AUTOS = YES_AGGRESSIVE;
				GCC_WARN_UNUSED_FUNCTION = YES;
				GCC_WARN_UNUSED_VARIABLE = YES;
				IPHONEOS_DEPLOYMENT_TARGET = 9.3;
				MTL_ENABLE_DEBUG_INFO = YES;
				ONLY_ACTIVE_ARCH = YES;
				SDKROOT = iphoneos;
				TARGETED_DEVICE_FAMILY = "1,2";
			};
			name = Debug;
		};
		688B0FAA1D5867EF00C052B8 /* Release */ = {
			isa = XCBuildConfiguration;
			buildSettings = {
				ALWAYS_SEARCH_USER_PATHS = NO;
				CLANG_ANALYZER_NONNULL = YES;
				CLANG_CXX_LANGUAGE_STANDARD = "gnu++0x";
				CLANG_CXX_LIBRARY = "libc++";
				CLANG_ENABLE_MODULES = YES;
				CLANG_ENABLE_OBJC_ARC = YES;
				CLANG_WARN_BOOL_CONVERSION = YES;
				CLANG_WARN_CONSTANT_CONVERSION = YES;
				CLANG_WARN_DIRECT_OBJC_ISA_USAGE = YES_ERROR;
				CLANG_WARN_EMPTY_BODY = YES;
				CLANG_WARN_ENUM_CONVERSION = YES;
				CLANG_WARN_INT_CONVERSION = YES;
				CLANG_WARN_OBJC_ROOT_CLASS = YES_ERROR;
				CLANG_WARN_UNREACHABLE_CODE = YES;
				CLANG_WARN__DUPLICATE_METHOD_MATCH = YES;
				"CODE_SIGN_IDENTITY[sdk=iphoneos*]" = "iPhone Developer";
				COPY_PHASE_STRIP = NO;
				DEBUG_INFORMATION_FORMAT = "dwarf-with-dsym";
				ENABLE_NS_ASSERTIONS = NO;
				ENABLE_STRICT_OBJC_MSGSEND = YES;
				GCC_C_LANGUAGE_STANDARD = gnu99;
				GCC_NO_COMMON_BLOCKS = YES;
				GCC_WARN_64_TO_32_BIT_CONVERSION = YES;
				GCC_WARN_ABOUT_RETURN_TYPE = YES_ERROR;
				GCC_WARN_UNDECLARED_SELECTOR = YES;
				GCC_WARN_UNINITIALIZED_AUTOS = YES_AGGRESSIVE;
				GCC_WARN_UNUSED_FUNCTION = YES;
				GCC_WARN_UNUSED_VARIABLE = YES;
				IPHONEOS_DEPLOYMENT_TARGET = 9.3;
				MTL_ENABLE_DEBUG_INFO = NO;
				SDKROOT = iphoneos;
				TARGETED_DEVICE_FAMILY = "1,2";
				VALIDATE_PRODUCT = YES;
			};
			name = Release;
		};
		688B0FAC1D5867EF00C052B8 /* Debug */ = {
			isa = XCBuildConfiguration;
			buildSettings = {
				ASSETCATALOG_COMPILER_APPICON_NAME = AppIcon;
				CODE_SIGN_IDENTITY = "iPhone Developer";
				"CODE_SIGN_IDENTITY[sdk=iphoneos*]" = "iPhone Developer";
				INFOPLIST_FILE = "XZCategories-Demo/Info.plist";
				LD_RUNPATH_SEARCH_PATHS = "$(inherited) @executable_path/Frameworks";
				PRODUCT_BUNDLE_IDENTIFIER = "xiaozhu.com.XZCategories-Demo";
				PRODUCT_NAME = "$(TARGET_NAME)";
				PROVISIONING_PROFILE = "";
			};
			name = Debug;
		};
		688B0FAD1D5867EF00C052B8 /* Release */ = {
			isa = XCBuildConfiguration;
			buildSettings = {
				ASSETCATALOG_COMPILER_APPICON_NAME = AppIcon;
				CODE_SIGN_IDENTITY = "iPhone Developer";
				"CODE_SIGN_IDENTITY[sdk=iphoneos*]" = "iPhone Developer";
				INFOPLIST_FILE = "XZCategories-Demo/Info.plist";
				LD_RUNPATH_SEARCH_PATHS = "$(inherited) @executable_path/Frameworks";
				PRODUCT_BUNDLE_IDENTIFIER = "xiaozhu.com.XZCategories-Demo";
				PRODUCT_NAME = "$(TARGET_NAME)";
				PROVISIONING_PROFILE = "";
			};
			name = Release;
		};
		688B0FAF1D5867EF00C052B8 /* Debug */ = {
			isa = XCBuildConfiguration;
			buildSettings = {
				BUNDLE_LOADER = "$(TEST_HOST)";
				INFOPLIST_FILE = "XZCategories-DemoTests/Info.plist";
				LD_RUNPATH_SEARCH_PATHS = "$(inherited) @executable_path/Frameworks @loader_path/Frameworks";
				PRODUCT_BUNDLE_IDENTIFIER = "xiaozhu.com.XZCategories-DemoTests";
				PRODUCT_NAME = "$(TARGET_NAME)";
				TEST_HOST = "$(BUILT_PRODUCTS_DIR)/XZCategories-Demo.app/XZCategories-Demo";
			};
			name = Debug;
		};
		688B0FB01D5867EF00C052B8 /* Release */ = {
			isa = XCBuildConfiguration;
			buildSettings = {
				BUNDLE_LOADER = "$(TEST_HOST)";
				INFOPLIST_FILE = "XZCategories-DemoTests/Info.plist";
				LD_RUNPATH_SEARCH_PATHS = "$(inherited) @executable_path/Frameworks @loader_path/Frameworks";
				PRODUCT_BUNDLE_IDENTIFIER = "xiaozhu.com.XZCategories-DemoTests";
				PRODUCT_NAME = "$(TARGET_NAME)";
				TEST_HOST = "$(BUILT_PRODUCTS_DIR)/XZCategories-Demo.app/XZCategories-Demo";
			};
			name = Release;
		};
/* End XCBuildConfiguration section */

/* Begin XCConfigurationList section */
		688B0F841D5867EF00C052B8 /* Build configuration list for PBXProject "XZCategories-Demo" */ = {
			isa = XCConfigurationList;
			buildConfigurations = (
				688B0FA91D5867EF00C052B8 /* Debug */,
				688B0FAA1D5867EF00C052B8 /* Release */,
			);
			defaultConfigurationIsVisible = 0;
			defaultConfigurationName = Release;
		};
		688B0FAB1D5867EF00C052B8 /* Build configuration list for PBXNativeTarget "XZCategories-Demo" */ = {
			isa = XCConfigurationList;
			buildConfigurations = (
				688B0FAC1D5867EF00C052B8 /* Debug */,
				688B0FAD1D5867EF00C052B8 /* Release */,
			);
			defaultConfigurationIsVisible = 0;
			defaultConfigurationName = Release;
		};
		688B0FAE1D5867EF00C052B8 /* Build configuration list for PBXNativeTarget "XZCategories-DemoTests" */ = {
			isa = XCConfigurationList;
			buildConfigurations = (
				688B0FAF1D5867EF00C052B8 /* Debug */,
				688B0FB01D5867EF00C052B8 /* Release */,
			);
			defaultConfigurationIsVisible = 0;
			defaultConfigurationName = Release;
		};
/* End XCConfigurationList section */
	};
	rootObject = 688B0F811D5867EF00C052B8 /* Project object */;
}
